github.com/davecgh/go-spew v1.1.1/go.mod h1:J7Y8YcW2NihsgmVo/mv3lAwl/skON4iLHjSsI+c5H38=
github.com/hyahm/goconfig v0.0.0-20200814144712-bd712352a305 h1:nCCd3ZDovwRhWtApPmqwGv6Wk7VQGVVQZNhG3JxL7MQ=
github.com/hyahm/goconfig v0.0.0-20200814144712-bd712352a305/go.mod h1:oor/REudMjRZXvnfsz8dfZChlHP6tyvwhxN1oa+AQi0=
github.com/hyahm/golog v0.0.0-20200903091725-fb6aa179364d h1:PWGzsKLekq2dHioTfM2bWsxgweCxohwzYpSZuKpxVjw=
github.com/hyahm/golog v0.0.0-20200903091725-fb6aa179364d/go.mod h1:zKiO0JeV7UoTS6Gx7jZaGr+GblF6B57e04Q+/+ChEZA=
github.com/hyahm/xmux v0.0.0-20200903093009-e56e6c1d0aa9 h1:9748mgw7QrAOvAMIgKchaAqugpelnv4f9iXGmnCJyus=
github.com/hyahm/xmux v0.0.0-20200903093009-e56e6c1d0aa9/go.mod h1:UoEQtjCaA8OzZJPtmiflvZ+cFMlmZo7o7WSQ/VdkDmE=
gopkg.in/check.v1 v0.0.0-20161208181325-20d25e280405/go.mod h1:Co6ibVJAznAaIkqp8huTwlJQCZ016jof/cbN4VW5Yz0=
gopkg.in/yaml.v2 v2.2.8 h1:obN1ZagJSUGI0Ek/LBmuj4SNLPfIny3KsKFopxRdj10=
gopkg.in/yaml.v2 v2.2.8/go.mod h1:hI93XBmqTisBFMUTm0b8Fm+jr3Dg1NNxqwp+5A1VGuI=
sigs.k8s.io/yaml v1.2.0 h1:kr/MCeFWJWTwyaHoR9c8EjH9OumOmoF9YGiZd7lFm/Q=
sigs.k8s.io/yaml v1.2.0/go.mod h1:yfXDCHCao9+ENCvLSE62v9VSji2MKu5jeNfTrofGhJc=
