github.com/davecgh/go-spew v1.1.1/go.mod h1:J7Y8YcW2NihsgmVo/mv3lAwl/skON4iLHjSsI+c5H38=
github.com/fatih/color v1.12.0 h1:mRhaKNwANqRgUBGKmnI5ZxEk7QXmjQeCcuYFMX2bfcc=
github.com/fatih/color v1.12.0/go.mod h1:ELkj/draVOlAH/xkhN6mQ50Qd0MPOk5AAr3maGEBuJM=
github.com/hyahm/goconfig v0.0.0-20200814144712-bd712352a305 h1:nCCd3ZDovwRhWtApPmqwGv6Wk7VQGVVQZNhG3JxL7MQ=
github.com/hyahm/goconfig v0.0.0-20200814144712-bd712352a305/go.mod h1:oor/REudMjRZXvnfsz8dfZChlHP6tyvwhxN1oa+AQi0=
github.com/hyahm/goconfig v0.0.0-20210807100611-f5321c90d492 h1:vngErEq1cVPb6whmMlOmHdiyWGzR+Z28kcz8mGydE0E=
github.com/hyahm/goconfig v0.0.0-20210807100611-f5321c90d492/go.mod h1:Q6Z9Ftu52q9ackJyTObpQtkeYdcznpu2fQAh4YGyn1I=
github.com/hyahm/golog v0.0.0-20200903091725-fb6aa179364d h1:PWGzsKLekq2dHioTfM2bWsxgweCxohwzYpSZuKpxVjw=
github.com/hyahm/golog v0.0.0-20200903091725-fb6aa179364d/go.mod h1:zKiO0JeV7UoTS6Gx7jZaGr+GblF6B57e04Q+/+ChEZA=
github.com/hyahm/golog v0.0.0-20210804025002-78ae6da11f3a h1:CAyUeUrHUXvHbV3rb13J29GIPdM9Roqugs2w97OGC6Q=
github.com/hyahm/golog v0.0.0-20210804025002-78ae6da11f3a/go.mod h1:uJgrSzy5lIhUuiot/a2B8FufmZNhsrpEHd/ioxUjWNs=
github.com/hyahm/lru v0.0.4 h1:v+eveZMh7T+p3N7WR32SkCyUpDOrcRRUcIjF5QzKUdE=
github.com/hyahm/lru v0.0.4/go.mod h1:5yn4QdRKlGbtinzn6/GVLxh7SkXWCF6NlTqzMOZwvdw=
github.com/hyahm/xmux v0.0.0-20200903093009-e56e6c1d0aa9 h1:9748mgw7QrAOvAMIgKchaAqugpelnv4f9iXGmnCJyus=
github.com/hyahm/xmux v0.0.0-20200903093009-e56e6c1d0aa9/go.mod h1:UoEQtjCaA8OzZJPtmiflvZ+cFMlmZo7o7WSQ/VdkDmE=
github.com/hyahm/xmux v0.0.0-20200905042735-cf09e9a5fef0 h1:RzMwGFst5UfNoSc/aMOtDyQXmWJTH95WI6wzyJQWugM=
github.com/hyahm/xmux v0.0.0-20200905042735-cf09e9a5fef0/go.mod h1:UoEQtjCaA8OzZJPtmiflvZ+cFMlmZo7o7WSQ/VdkDmE=
github.com/hyahm/xmux v0.0.0-20211010013527-32b6b111ecab h1:q0UZKowK3yIpO2ikYT48sitfww77MwGlDVroFgvof4U=
github.com/hyahm/xmux v0.0.0-20211010013527-32b6b111ecab/go.mod h1:oHkTqJ+pSeDSOuuiC3KUzIereIHLOXdfxpAvP7RjfHI=
github.com/kr/pretty v0.1.0/go.mod h1:dAy3ld7l9f0ibDNOQOHHMYYIIbhfbHSm3C4ZsoJORNo=
github.com/kr/pty v1.1.1/go.mod h1:pFQYn66WHrOpPYNljwOMqo10TkYh1fy3cYio2l3bCsQ=
github.com/kr/text v0.1.0/go.mod h1:4Jbv+DJW3UT/LiOwJeYQe1efqtUx/iVham/4vfdArNI=
github.com/mattn/go-colorable v0.1.8 h1:c1ghPdyEDarC70ftn0y+A/Ee++9zz8ljHG1b13eJ0s8=
github.com/mattn/go-colorable v0.1.8/go.mod h1:u6P/XSegPjTcexA+o6vUJrdnUu04hMope9wVRipJSqc=
github.com/mattn/go-isatty v0.0.12/go.mod h1:cbi8OIDigv2wuxKPP5vlRcQ1OAZbq2CE4Kysco4FUpU=
github.com/mattn/go-isatty v0.0.13 h1:qdl+GuBjcsKKDco5BsxPJlId98mSWNKqYA+Co0SC1yA=
github.com/mattn/go-isatty v0.0.13/go.mod h1:cbi8OIDigv2wuxKPP5vlRcQ1OAZbq2CE4Kysco4FUpU=
github.com/ouqiang/goproxy v1.1.0 h1:9r55IDVCg12F3gooiua6qv1mgeH/eQV76hQ8IW1p2KU=
github.com/ouqiang/goproxy v1.1.0/go.mod h1:99ZSVMJPQ0d3L9Nt28CJSwFOi6K1J5nVzA+o1QJ2XHE=
golang.org/x/sys v0.0.0-20200116001909-b77594299b42/go.mod h1:h1NjWce9XRLGQEsW7wpKNCjG9DtNlClVuFLEZdDNbEs=
golang.org/x/sys v0.0.0-20200223170610-d5e6a3e2c0ae/go.mod h1:h1NjWce9XRLGQEsW7wpKNCjG9DtNlClVuFLEZdDNbEs=
golang.org/x/sys v0.0.0-20210603125802-9665404d3644 h1:CA1DEQ4NdKphKeL70tvsWNdT5oFh1lOjihRcEDROi0I=
golang.org/x/sys v0.0.0-20210603125802-9665404d3644/go.mod h1:oPkhp1MJrh7nUepCBck5+mAzfO9JrbApNNgaTdGDITg=
gopkg.in/check.v1 v0.0.0-20161208181325-20d25e280405/go.mod h1:Co6ibVJAznAaIkqp8huTwlJQCZ016jof/cbN4VW5Yz0=
gopkg.in/check.v1 v1.0.0-20180628173108-788fd7840127/go.mod h1:Co6ibVJAznAaIkqp8huTwlJQCZ016jof/cbN4VW5Yz0=
gopkg.in/yaml.v2 v2.2.8 h1:obN1ZagJSUGI0Ek/LBmuj4SNLPfIny3KsKFopxRdj10=
gopkg.in/yaml.v2 v2.2.8/go.mod h1:hI93XBmqTisBFMUTm0b8Fm+jr3Dg1NNxqwp+5A1VGuI=
gopkg.in/yaml.v3 v3.0.0-20210107192922-496545a6307b h1:h8qDotaEPuJATrMmW04NCwg7v22aHH28wwpauUhK9Oo=
gopkg.in/yaml.v3 v3.0.0-20210107192922-496545a6307b/go.mod h1:K4uyk7z7BCEPqu6E+C64Yfv1cQ7kz7rIZviUmN+EgEM=
sigs.k8s.io/yaml v1.2.0 h1:kr/MCeFWJWTwyaHoR9c8EjH9OumOmoF9YGiZd7lFm/Q=
sigs.k8s.io/yaml v1.2.0/go.mod h1:yfXDCHCao9+ENCvLSE62v9VSji2MKu5jeNfTrofGhJc=
